
Microsoft Visual Studio Solution File, Format Version 10.00
# Visual Studio 2008
Project("{FAE04EC0-301F-11D3-BF4B-00C04F79EFBC}") = "AxisAndAlliesEurope", "AxisAndAlliesEurope\AxisAndAlliesEurope.csproj", "{0639E085-D30A-4EFF-8A22-4AD5D331B0BD}"
EndProject
Global
	GlobalSection(SolutionConfigurationPlatforms) = preSolution
		Debug|x86 = Debug|x86
		Release|x86 = Release|x86
	EndGlobalSection
	GlobalSection(ProjectConfigurationPlatforms) = postSolution
		{0639E085-D30A-4EFF-8A22-4AD5D331B0BD}.Debug|x86.ActiveCfg = Debug|x86
		{0639E085-D30A-4EFF-8A22-4AD5D331B0BD}.Debug|x86.Build.0 = Debug|x86
		{0639E085-D30A-4EFF-8A22-4AD5D331B0BD}.Release|x86.ActiveCfg = Release|x86
		{0639E085-D30A-4EFF-8A22-4AD5D331B0BD}.Release|x86.Build.0 = Release|x86
		{54AE0AC1-E818-415A-A6A5-4CEDED30DD69}.Debug|x86.ActiveCfg = Debug|x86
		{54AE0AC1-E818-415A-A6A5-4CEDED30DD69}.Release|x86.ActiveCfg = Release|x86
	EndGlobalSection
	GlobalSection(SolutionProperties) = preSolution
		HideSolutionNode = FALSE
	EndGlobalSection
EndGlobal
